// !$*UTF8*$!
{
	archiveVersion = 1;
	classes = {
	};
	objectVersion = 77;
	objects = {

/* Begin PBXContainerItemProxy section */
		B4BD69472FB75FCE00A04A6A /* PBXContainerItemProxy */ = {
			isa = PBXContainerItemProxy;
			containerPortal = B4BD692F2FB75FCE00A04A6A /* Project object */;
			proxyType = 1;
			remoteGlobalIDString = B4BD69362FB75FCE00A04A6A;
			remoteInfo = mediamind;
		};
		B4BD69512FB75FCE00A04A6A /* PBXContainerItemProxy */ = {
			isa = PBXContainerItemProxy;
			containerPortal = B4BD692F2FB75FCE00A04A6A /* Project object */;
			proxyType = 1;
			remoteGlobalIDString = B4BD69362FB75FCE00A04A6A;
			remoteInfo = mediamind;
		};
/* End PBXContainerItemProxy section */

/* Begin PBXFileReference section */
		B4BD69372FB75FCE00A04A6A /* mediamind.app */ = {isa = PBXFileReference; explicitFileType = wrapper.application; includeInIndex = 0; path = mediamind.app; sourceTree = BUILT_PRODUCTS_DIR; };
		B4BD69462FB75FCE00A04A6A /* mediamindTests.xctest */ = {isa = PBXFileReference; explicitFileType = wrapper.cfbundle; includeInIndex = 0; path = mediamindTests.xctest; sourceTree = BUILT_PRODUCTS_DIR; };
		B4BD69502FB75FCE00A04A6A /* mediamindUITests.xctest */ = {isa = PBXFileReference; explicitFileType = wrapper.cfbundle; includeInIndex = 0; path = mediamindUITests.xctest; sourceTree = BUILT_PRODUCTS_DIR; };
/* End PBXFileReference section */

/* Begin PBXFileSystemSynchronizedRootGroup section */
		B4BD69392FB75FCE00A04A6A /* mediamind */ = {
			isa = PBXFileSystemSynchronizedRootGroup;
			path = mediamind;
			sourceTree = "<group>";
		};
		B4BD69492FB75FCE00A04A6A /* mediamindTests */ = {
			isa = PBXFileSystemSynchronizedRootGroup;
			path = mediamindTests;
			sourceTree = "<group>";
		};
		B4BD69532FB75FCE00A04A6A /* mediamindUITests */ = {
			isa = PBXFileSystemSynchronizedRootGroup;
			path = mediamindUITests;
			sourceTree = "<group>";
		};
/* End PBXFileSystemSynchronizedRootGroup section */

/* Begin PBXFrameworksBuildPhase section */
		B4BD69342FB75FCE00A04A6A /* Frameworks */ = {
			isa = PBXFrameworksBuildPhase;
			buildActionMask = 2147483647;
			files = (
			);
			runOnlyForDeploymentPostprocessing = 0;
		};
		B4BD69432FB75FCE00A04A6A /* Frameworks */ = {
			isa = PBXFrameworksBuildPhase;
			buildActionMask = 2147483647;
			files = (
			);
			runOnlyForDeploymentPostprocessing = 0;
		};
		B4BD694D2FB75FCE00A04A6A /* Frameworks */ = {
			isa = PBXFrameworksBuildPhase;
			buildActionMask = 2147483647;
			files = (
			);
			runOnlyForDeploymentPostprocessing = 0;
		};
/* End PBXFrameworksBuildPhase section */

/* Begin PBXGroup section */
		B4BD692E2FB75FCE00A04A6A = {
			isa = PBXGroup;
			children = (
				B4BD69392FB75FCE00A04A6A /* mediamind */,
				B4BD69492FB75FCE00A04A6A /* mediamindTests */,
				B4BD69532FB75FCE00A04A6A /* mediamindUITests */,
				B4BD69382FB75FCE00A04A6A /* Products */,
			);
			sourceTree = "<group>";
		};
		B4BD69382FB75FCE00A04A6A /* Products */ = {
			isa = PBXGroup;
			children = (
				B4BD69372FB75FCE00A04A6A /* mediamind.app */,
				B4BD69462FB75FCE00A04A6A /* mediamindTests.xctest */,
				B4BD69502FB75FCE00A04A6A /* mediamindUITests.xctest */,
			);
			name = Products;
			sourceTree = "<group>";
		};
/* End PBXGroup section */

/* Begin PBXNativeTarget section */
		B4BD69362FB75FCE00A04A6A /* mediamind */ = {
			isa = PBXNativeTarget;
			buildConfigurationList = B4BD695A2FB75FCE00A04A6A /* Build configuration list for PBXNativeTarget "mediamind" */;
			buildPhases = (
				B4BD69332FB75FCE00A04A6A /* Sources */,
				B4BD69342FB75FCE00A04A6A /* Frameworks */,
				B4BD69352FB75FCE00A04A6A /* Resources */,
			);
			buildRules = (
			);
			dependencies = (
			);
			fileSystemSynchronizedGroups = (
				B4BD69392FB75FCE00A04A6A /* mediamind */,
			);
			name = mediamind;
			packageProductDependencies = (
			);
			productName = mediamind;
			productReference = B4BD69372FB75FCE00A04A6A /* mediamind.app */;
			productType = "com.apple.product-type.application";
		};
		B4BD69452FB75FCE00A04A6A /* mediamindTests */ = {
			isa = PBXNativeTarget;
			buildConfigurationList = B4BD695D2FB75FCE00A04A6A /* Build configuration list for PBXNativeTarget "mediamindTests" */;
			buildPhases = (
				B4BD69422FB75FCE00A04A6A /* Sources */,
				B4BD69432FB75FCE00A04A6A /* Frameworks */,
				B4BD69442FB75FCE00A04A6A /* Resources */,
			);
			buildRules = (
			);
			dependencies = (
				B4BD69482FB75FCE00A04A6A /* PBXTargetDependency */,
			);
			fileSystemSynchronizedGroups = (
				B4BD69492FB75FCE00A04A6A /* mediamindTests */,
			);
			name = mediamindTests;
			packageProductDependencies = (
			);
			productName = mediamindTests;
			productReference = B4BD69462FB75FCE00A04A6A /* mediamindTests.xctest */;
			productType = "com.apple.product-type.bundle.unit-test";
		};
		B4BD694F2FB75FCE00A04A6A /* mediamindUITests */ = {
			isa = PBXNativeTarget;
			buildConfigurationList = B4BD69602FB75FCE00A04A6A /* Build configuration list for PBXNativeTarget "mediamindUITests" */;
			buildPhases = (
				B4BD694C2FB75FCE00A04A6A /* Sources */,
				B4BD694D2FB75FCE00A04A6A /* Frameworks */,
				B4BD694E2FB75FCE00A04A6A /* Resources */,
			);
			buildRules = (
			);
			dependencies = (
				B4BD69522FB75FCE00A04A6A /* PBXTargetDependency */,
			);
			fileSystemSynchronizedGroups = (
				B4BD69532FB75FCE00A04A6A /* mediamindUITests */,
			);
			name = mediamindUITests;
			packageProductDependencies = (
			);
			productName = mediamindUITests;
			productReference = B4BD69502FB75FCE00A04A6A /* mediamindUITests.xctest */;
			productType = "com.apple.product-type.bundle.ui-testing";
		};
/* End PBXNativeTarget section */

/* Begin PBXProject section */
		B4BD692F2FB75FCE00A04A6A /* Project object */ = {
			isa = PBXProject;
			attributes = {
				BuildIndependentTargetsInParallel = 1;
				LastSwiftUpdateCheck = 2640;
				LastUpgradeCheck = 2640;
				TargetAttributes = {
					B4BD69362FB75FCE00A04A6A = {
						CreatedOnToolsVersion = 26.4.1;
					};
					B4BD69452FB75FCE00A04A6A = {
						CreatedOnToolsVersion = 26.4.1;
						TestTargetID = B4BD69362FB75FCE00A04A6A;
					};
					B4BD694F2FB75FCE00A04A6A = {
						CreatedOnToolsVersion = 26.4.1;
						TestTargetID = B4BD69362FB75FCE00A04A6A;
					};
				};
			};
			buildConfigurationList = B4BD69322FB75FCE00A04A6A /* Build configuration list for PBXProject "mediamind" */;
			developmentRegion = en;
			hasScannedForEncodings = 0;
			knownRegions = (
				en,
				Base,
			);
			mainGroup = B4BD692E2FB75FCE00A04A6A;
			minimizedProjectReferenceProxies = 1;
			preferredProjectObjectVersion = 77;
			productRefGroup = B4BD69382FB75FCE00A04A6A /* Products */;
			projectDirPath = "";
			projectRoot = "";
			targets = (
				B4BD69362FB75FCE00A04A6A /* mediamind */,
				B4BD69452FB75FCE00A04A6A /* mediamindTests */,
				B4BD694F2FB75FCE00A04A6A /* mediamindUITests */,
			);
		};
/* End PBXProject section */

/* Begin PBXResourcesBuildPhase section */
		B4BD69352FB75FCE00A04A6A /* Resources */ = {
			isa = PBXResourcesBuildPhase;
			buildActionMask = 2147483647;
			files = (
			);
			runOnlyForDeploymentPostprocessing = 0;
		};
		B4BD69442FB75FCE00A04A6A /* Resources */ = {
			isa = PBXResourcesBuildPhase;
			buildActionMask = 2147483647;
			files = (
			);
			runOnlyForDeploymentPostprocessing = 0;
		};
		B4BD694E2FB75FCE00A04A6A /* Resources */ = {
			isa = PBXResourcesBuildPhase;
			buildActionMask = 2147483647;
			files = (
			);
			runOnlyForDeploymentPostprocessing = 0;
		};
/* End PBXResourcesBuildPhase section */

/* Begin PBXSourcesBuildPhase section */
		B4BD69332FB75FCE00A04A6A /* Sources */ = {
			isa = PBXSourcesBuildPhase;
			buildActionMask = 2147483647;
			files = (
			);
			runOnlyForDeploymentPostprocessing = 0;
		};
		B4BD69422FB75FCE00A04A6A /* Sources */ = {
			isa = PBXSourcesBuildPhase;
			buildActionMask = 2147483647;
			files = (
			);
			runOnlyForDeploymentPostprocessing = 0;
		};
		B4BD694C2FB75FCE00A04A6A /* Sources */ = {
			isa = PBXSourcesBuildPhase;
			buildActionMask = 2147483647;
			files = (
			);
			runOnlyForDeploymentPostprocessing = 0;
		};
/* End PBXSourcesBuildPhase section */

/* Begin PBXTargetDependency section */
		B4BD69482FB75FCE00A04A6A /* PBXTargetDependency */ = {
			isa = PBXTargetDependency;
			target = B4BD69362FB75FCE00A04A6A /* mediamind */;
			targetProxy = B4BD69472FB75FCE00A04A6A /* PBXContainerItemProxy */;
		};
		B4BD69522FB75FCE00A04A6A /* PBXTargetDependency */ = {
			isa = PBXTargetDependency;
			target = B4BD69362FB75FCE00A04A6A /* mediamind */;
			targetProxy = B4BD69512FB75FCE00A04A6A /* PBXContainerItemProxy */;
		};
/* End PBXTargetDependency section */

/* Begin XCBuildConfiguration section */
		B4BD69582FB75FCE00A04A6A /* Debug */ = {
			isa = XCBuildConfiguration;
			buildSettings = {
				ALWAYS_SEARCH_USER_PATHS = NO;
				ASSETCATALOG_COMPILER_GENERATE_SWIFT_ASSET_SYMBOL_EXTENSIONS = YES;
				CLANG_ANALYZER_NONNULL = YES;
				CLANG_ANALYZER_NUMBER_OBJECT_CONVERSION = YES_AGGRESSIVE;
				CLANG_CXX_LANGUAGE_STANDARD = "gnu++20";
				CLANG_ENABLE_MODULES = YES;
				CLANG_ENABLE_OBJC_ARC = YES;
				CLANG_ENABLE_OBJC_WEAK = YES;
				CLANG_WARN_BLOCK_CAPTURE_AUTORELEASING = YES;
				CLANG_WARN_BOOL_CONVERSION = YES;
				CLANG_WARN_COMMA = YES;
				CLANG_WARN_CONSTANT_CONVERSION = YES;
				CLANG_WARN_DEPRECATED_OBJC_IMPLEMENTATIONS = YES;
				CLANG_WARN_DIRECT_OBJC_ISA_USAGE = YES_ERROR;
				CLANG_WARN_DOCUMENTATION_COMMENTS = YES;
				CLANG_WARN_EMPTY_BODY = YES;
				CLANG_WARN_ENUM_CONVERSION = YES;
				CLANG_WARN_INFINITE_RECURSION = YES;
				CLANG_WARN_INT_CONVERSION = YES;
				CLANG_WARN_NON_LITERAL_NULL_CONVERSION = YES;
				CLANG_WARN_OBJC_IMPLICIT_RETAIN_SELF = YES;
				CLANG_WARN_OBJC_LITERAL_CONVERSION = YES;
				CLANG_WARN_OBJC_ROOT_CLASS = YES_ERROR;
				CLANG_WARN_QUOTED_INCLUDE_IN_FRAMEWORK_HEADER = YES;
				CLANG_WARN_RANGE_LOOP_ANALYSIS = YES;
				CLANG_WARN_STRICT_PROTOTYPES = YES;
				CLANG_WARN_SUSPICIOUS_MOVE = YES;
				CLANG_WARN_UNGUARDED_AVAILABILITY = YES_AGGRESSIVE;
				CLANG_WARN_UNREACHABLE_CODE = YES;
				CLANG_WARN__DUPLICATE_METHOD_MATCH = YES;
				COPY_PHASE_STRIP = NO;
				DEBUG_INFORMATION_FORMAT = dwarf;
				DEVELOPMENT_TEAM = C732UG793X;
				ENABLE_STRICT_OBJC_MSGSEND = YES;
				ENABLE_TESTABILITY = YES;
				ENABLE_USER_SCRIPT_SANDBOXING = YES;
				GCC_C_LANGUAGE_STANDARD = gnu17;
				GCC_DYNAMIC_NO_PIC = NO;
				GCC_NO_COMMON_BLOCKS = YES;
				GCC_OPTIMIZATION_LEVEL = 0;
				GCC_PREPROCESSOR_DEFINITIONS = (
					"DEBUG=1",
					"$(inherited)",
				);
				GCC_WARN_64_TO_32_BIT_CONVERSION = YES;
				GCC_WARN_ABOUT_RETURN_TYPE = YES_ERROR;
				GCC_WARN_UNDECLARED_SELECTOR = YES;
				GCC_WARN_UNINITIALIZED_AUTOS = YES_AGGRESSIVE;
				GCC_WARN_UNUSED_FUNCTION = YES;
				GCC_WARN_UNUSED_VARIABLE = YES;
				LOCALIZATION_PREFERS_STRING_CATALOGS = YES;
				MACOSX_DEPLOYMENT_TARGET = 14.6;
				MTL_ENABLE_DEBUG_INFO = INCLUDE_SOURCE;
				MTL_FAST_MATH = YES;
				ONLY_ACTIVE_ARCH = YES;
				SDKROOT = macosx;
				SWIFT_ACTIVE_COMPILATION_CONDITIONS = "DEBUG $(inherited)";
				SWIFT_OPTIMIZATION_LEVEL = "-Onone";
			};
			name = Debug;
		};
		B4BD69592FB75FCE00A04A6A /* Release */ = {
			isa = XCBuildConfiguration;
			buildSettings = {
				ALWAYS_SEARCH_USER_PATHS = NO;
				ASSETCATALOG_COMPILER_GENERATE_SWIFT_ASSET_SYMBOL_EXTENSIONS = YES;
				CLANG_ANALYZER_NONNULL = YES;
				CLANG_ANALYZER_NUMBER_OBJECT_CONVERSION = YES_AGGRESSIVE;
				CLANG_CXX_LANGUAGE_STANDARD = "gnu++20";
				CLANG_ENABLE_MODULES = YES;
				CLANG_ENABLE_OBJC_ARC = YES;
				CLANG_ENABLE_OBJC_WEAK = YES;
				CLANG_WARN_BLOCK_CAPTURE_AUTORELEASING = YES;
				CLANG_WARN_BOOL_CONVERSION = YES;
				CLANG_WARN_COMMA = YES;
				CLANG_WARN_CONSTANT_CONVERSION = YES;
				CLANG_WARN_DEPRECATED_OBJC_IMPLEMENTATIONS = YES;
				CLANG_WARN_DIRECT_OBJC_ISA_USAGE = YES_ERROR;
				CLANG_WARN_DOCUMENTATION_COMMENTS = YES;
				CLANG_WARN_EMPTY_BODY = YES;
				CLANG_WARN_ENUM_CONVERSION = YES;
				CLANG_WARN_INFINITE_RECURSION = YES;
				CLANG_WARN_INT_CONVERSION = YES;
				CLANG_WARN_NON_LITERAL_NULL_CONVERSION = YES;
				CLANG_WARN_OBJC_IMPLICIT_RETAIN_SELF = YES;
				CLANG_WARN_OBJC_LITERAL_CONVERSION = YES;
				CLANG_WARN_OBJC_ROOT_CLASS = YES_ERROR;
				CLANG_WARN_QUOTED_INCLUDE_IN_FRAMEWORK_HEADER = YES;
				CLANG_WARN_RANGE_LOOP_ANALYSIS = YES;
				CLANG_WARN_STRICT_PROTOTYPES = YES;
				CLANG_WARN_SUSPICIOUS_MOVE = YES;
				CLANG_WARN_UNGUARDED_AVAILABILITY = YES_AGGRESSIVE;
				CLANG_WARN_UNREACHABLE_CODE = YES;
				CLANG_WARN__DUPLICATE_METHOD_MATCH = YES;
				COPY_PHASE_STRIP = NO;
				DEBUG_INFORMATION_FORMAT = "dwarf-with-dsym";
				DEVELOPMENT_TEAM = C732UG793X;
				ENABLE_NS_ASSERTIONS = NO;
				ENABLE_STRICT_OBJC_MSGSEND = YES;
				ENABLE_USER_SCRIPT_SANDBOXING = YES;
				GCC_C_LANGUAGE_STANDARD = gnu17;
				GCC_NO_COMMON_BLOCKS = YES;
				GCC_WARN_64_TO_32_BIT_CONVERSION = YES;
				GCC_WARN_ABOUT_RETURN_TYPE = YES_ERROR;
				GCC_WARN_UNDECLARED_SELECTOR = YES;
				GCC_WARN_UNINITIALIZED_AUTOS = YES_AGGRESSIVE;
				GCC_WARN_UNUSED_FUNCTION = YES;
				GCC_WARN_UNUSED_VARIABLE = YES;
				LOCALIZATION_PREFERS_STRING_CATALOGS = YES;
				MACOSX_DEPLOYMENT_TARGET = 14.6;
				MTL_ENABLE_DEBUG_INFO = NO;
				MTL_FAST_MATH = YES;
				SDKROOT = macosx;
				SWIFT_COMPILATION_MODE = wholemodule;
			};
			name = Release;
		};
		B4BD695B2FB75FCE00A04A6A /* Debug */ = {
			isa = XCBuildConfiguration;
			buildSettings = {
				ASSETCATALOG_COMPILER_APPICON_NAME = AppIcon;
				ASSETCATALOG_COMPILER_GLOBAL_ACCENT_COLOR_NAME = AccentColor;
				CODE_SIGN_ENTITLEMENTS = mediamind/mediamind.entitlements;
				CODE_SIGN_STYLE = Automatic;
				COMBINE_HIDPI_IMAGES = YES;
				CURRENT_PROJECT_VERSION = 203;
				DEVELOPMENT_TEAM = C732UG793X;
				ENABLE_APP_SANDBOX = NO;
				ENABLE_HARDENED_RUNTIME = YES;
				ENABLE_PREVIEWS = YES;
				ENABLE_USER_SELECTED_FILES = readonly;
				GENERATE_INFOPLIST_FILE = YES;
				INFOPLIST_KEY_NSHumanReadableCopyright = "";
				LD_RUNPATH_SEARCH_PATHS = (
					"$(inherited)",
					"@executable_path/../Frameworks",
				);
				MARKETING_VERSION = 2.0.3;
				PRODUCT_BUNDLE_IDENTIFIER = com.example.mediamind;
				PRODUCT_NAME = "$(TARGET_NAME)";
				REGISTER_APP_GROUPS = YES;
				STRING_CATALOG_GENERATE_SYMBOLS = YES;
				SWIFT_APPROACHABLE_CONCURRENCY = YES;
				SWIFT_DEFAULT_ACTOR_ISOLATION = MainActor;
				SWIFT_EMIT_LOC_STRINGS = YES;
				SWIFT_UPCOMING_FEATURE_MEMBER_IMPORT_VISIBILITY = YES;
				SWIFT_VERSION = 5.0;
			};
			name = Debug;
		};
		B4BD695C2FB75FCE00A04A6A /* Release */ = {
			isa = XCBuildConfiguration;
			buildSettings = {
				ASSETCATALOG_COMPILER_APPICON_NAME = AppIcon;
				ASSETCATALOG_COMPILER_GLOBAL_ACCENT_COLOR_NAME = AccentColor;
				CODE_SIGN_ENTITLEMENTS = mediamind/mediamind.entitlements;
				CODE_SIGN_STYLE = Automatic;
				COMBINE_HIDPI_IMAGES = YES;
				CURRENT_PROJECT_VERSION = 203;
				DEVELOPMENT_TEAM = C732UG793X;
				ENABLE_APP_SANDBOX = NO;
				ENABLE_HARDENED_RUNTIME = YES;
				ENABLE_PREVIEWS = YES;
				ENABLE_USER_SELECTED_FILES = readonly;
				GENERATE_INFOPLIST_FILE = YES;
				INFOPLIST_KEY_NSHumanReadableCopyright = "";
				LD_RUNPATH_SEARCH_PATHS = (
					"$(inherited)",
					"@executable_path/../Frameworks",
				);
				MARKETING_VERSION = 2.0.3;
				PRODUCT_BUNDLE_IDENTIFIER = com.example.mediamind;
				PRODUCT_NAME = "$(TARGET_NAME)";
				REGISTER_APP_GROUPS = YES;
				STRING_CATALOG_GENERATE_SYMBOLS = YES;
				SWIFT_APPROACHABLE_CONCURRENCY = YES;
				SWIFT_DEFAULT_ACTOR_ISOLATION = MainActor;
				SWIFT_EMIT_LOC_STRINGS = YES;
				SWIFT_UPCOMING_FEATURE_MEMBER_IMPORT_VISIBILITY = YES;
				SWIFT_VERSION = 5.0;
			};
			name = Release;
		};
		B4BD695E2FB75FCE00A04A6A /* Debug */ = {
			isa = XCBuildConfiguration;
			buildSettings = {
				BUNDLE_LOADER = "$(TEST_HOST)";
				CODE_SIGN_STYLE = Automatic;
				CURRENT_PROJECT_VERSION = 203;
				DEVELOPMENT_TEAM = C732UG793X;
				GENERATE_INFOPLIST_FILE = YES;
				MACOSX_DEPLOYMENT_TARGET = 26.4;
				MARKETING_VERSION = 1.0;
				PRODUCT_BUNDLE_IDENTIFIER = com.example.mediamindTests;
				PRODUCT_NAME = "$(TARGET_NAME)";
				STRING_CATALOG_GENERATE_SYMBOLS = NO;
				SWIFT_APPROACHABLE_CONCURRENCY = YES;
				SWIFT_EMIT_LOC_STRINGS = NO;
				SWIFT_UPCOMING_FEATURE_MEMBER_IMPORT_VISIBILITY = YES;
				SWIFT_VERSION = 5.0;
				TEST_HOST = "$(BUILT_PRODUCTS_DIR)/mediamind.app/$(BUNDLE_EXECUTABLE_FOLDER_PATH)/mediamind";
			};
			name = Debug;
		};
		B4BD695F2FB75FCE00A04A6A /* Release */ = {
			isa = XCBuildConfiguration;
			buildSettings = {
				BUNDLE_LOADER = "$(TEST_HOST)";
				CODE_SIGN_STYLE = Automatic;
				CURRENT_PROJECT_VERSION = 203;
				DEVELOPMENT_TEAM = C732UG793X;
				GENERATE_INFOPLIST_FILE = YES;
				MACOSX_DEPLOYMENT_TARGET = 26.4;
				MARKETING_VERSION = 1.0;
				PRODUCT_BUNDLE_IDENTIFIER = com.example.mediamindTests;
				PRODUCT_NAME = "$(TARGET_NAME)";
				STRING_CATALOG_GENERATE_SYMBOLS = NO;
				SWIFT_APPROACHABLE_CONCURRENCY = YES;
				SWIFT_EMIT_LOC_STRINGS = NO;
				SWIFT_UPCOMING_FEATURE_MEMBER_IMPORT_VISIBILITY = YES;
				SWIFT_VERSION = 5.0;
				TEST_HOST = "$(BUILT_PRODUCTS_DIR)/mediamind.app/$(BUNDLE_EXECUTABLE_FOLDER_PATH)/mediamind";
			};
			name = Release;
		};
		B4BD69612FB75FCE00A04A6A /* Debug */ = {
			isa = XCBuildConfiguration;
			buildSettings = {
				CODE_SIGN_STYLE = Automatic;
				CURRENT_PROJECT_VERSION = 203;
				DEVELOPMENT_TEAM = C732UG793X;
				GENERATE_INFOPLIST_FILE = YES;
				MARKETING_VERSION = 1.0;
				PRODUCT_BUNDLE_IDENTIFIER = com.example.mediamindUITests;
				PRODUCT_NAME = "$(TARGET_NAME)";
				STRING_CATALOG_GENERATE_SYMBOLS = NO;
				SWIFT_APPROACHABLE_CONCURRENCY = YES;
				SWIFT_EMIT_LOC_STRINGS = NO;
				SWIFT_UPCOMING_FEATURE_MEMBER_IMPORT_VISIBILITY = YES;
				SWIFT_VERSION = 5.0;
				TEST_TARGET_NAME = mediamind;
			};
			name = Debug;
		};
		B4BD69622FB75FCE00A04A6A /* Release */ = {
			isa = XCBuildConfiguration;
			buildSettings = {
				CODE_SIGN_STYLE = Automatic;
				CURRENT_PROJECT_VERSION = 203;
				DEVELOPMENT_TEAM = C732UG793X;
				GENERATE_INFOPLIST_FILE = YES;
				MARKETING_VERSION = 1.0;
				PRODUCT_BUNDLE_IDENTIFIER = com.example.mediamindUITests;
				PRODUCT_NAME = "$(TARGET_NAME)";
				STRING_CATALOG_GENERATE_SYMBOLS = NO;
				SWIFT_APPROACHABLE_CONCURRENCY = YES;
				SWIFT_EMIT_LOC_STRINGS = NO;
				SWIFT_UPCOMING_FEATURE_MEMBER_IMPORT_VISIBILITY = YES;
				SWIFT_VERSION = 5.0;
				TEST_TARGET_NAME = mediamind;
			};
			name = Release;
		};
/* End XCBuildConfiguration section */

/* Begin XCConfigurationList section */
		B4BD69322FB75FCE00A04A6A /* Build configuration list for PBXProject "mediamind" */ = {
			isa = XCConfigurationList;
			buildConfigurations = (
				B4BD69582FB75FCE00A04A6A /* Debug */,
				B4BD69592FB75FCE00A04A6A /* Release */,
			);
			defaultConfigurationIsVisible = 0;
			defaultConfigurationName = Release;
		};
		B4BD695A2FB75FCE00A04A6A /* Build configuration list for PBXNativeTarget "mediamind" */ = {
			isa = XCConfigurationList;
			buildConfigurations = (
				B4BD695B2FB75FCE00A04A6A /* Debug */,
				B4BD695C2FB75FCE00A04A6A /* Release */,
			);
			defaultConfigurationIsVisible = 0;
			defaultConfigurationName = Release;
		};
		B4BD695D2FB75FCE00A04A6A /* Build configuration list for PBXNativeTarget "mediamindTests" */ = {
			isa = XCConfigurationList;
			buildConfigurations = (
				B4BD695E2FB75FCE00A04A6A /* Debug */,
				B4BD695F2FB75FCE00A04A6A /* Release */,
			);
			defaultConfigurationIsVisible = 0;
			defaultConfigurationName = Release;
		};
		B4BD69602FB75FCE00A04A6A /* Build configuration list for PBXNativeTarget "mediamindUITests" */ = {
			isa = XCConfigurationList;
			buildConfigurations = (
				B4BD69612FB75FCE00A04A6A /* Debug */,
				B4BD69622FB75FCE00A04A6A /* Release */,
			);
			defaultConfigurationIsVisible = 0;
			defaultConfigurationName = Release;
		};
/* End XCConfigurationList section */
	};
	rootObject = B4BD692F2FB75FCE00A04A6A /* Project object */;
}
